{
  "name": "roleplay_houses_bot",
  "version": "7.2.0",
  "lockfileVersion": 3,
  "requires": true,
  "packages": {
    "": {
      "name": "roleplay_houses_bot",
      "version": "7.2.0",
      "hasInstallScript": true,
      "license": "ISC",
      "dependencies": {
        "discord.js": "^14.15.3",
        "mongoose": "^8.6.1"
      },
      "devDependencies": {
        "nodemon": "^3.1.4"
      },
      "engines": {
        "node": ">=20.0.0",
        "npm": ">=10.0.0"
      }
    },
    "node_modules/@mongodb-js/mongodb-connection-string-parser": {
      "version": "1.2.1",
      "resolved": "https://registry.npmjs.org/@mongodb-js/mongodb-connection-string-parser/-/mongodb-connection-string-parser-1.2.1.tgz",
      "integrity": "sha512-9J0txr2fW1WqFi1xT2x/MSjI9zFycmktUnU2QejkrW6rE9I1LHQUmEFK9ptT2qTUIIlpwsX1s4exb9ku9jUf+g==",
      "license": "Apache-2.0",
      "dependencies": {
        "tslib": "^2.0.0"
      }
    },
    "node_modules/@types/node": {
      "version": "22.7.4",
      "resolved": "https://registry.npmjs.org/@types/node/-/node-22.7.4.tgz",
      "integrity": "sha512-A1WTuOY44b9fhu9rRlwjumY7UWZFjvvF+yC0bhK8uJ60tMsJGFlay8BGFN3h8Y7ENfIiLwTntateZeJwm+I5qA==",
      "license": "MIT"
    },
    "node_modules/discord.js": {
      "version": "14.15.3",
      "resolved": "https://registry.npmjs.org/discord.js/-/discord.js-14.15.3.tgz",
      "integrity": "sha512-JYLTxK9e+1xMsvM9IfkoJF8PQI6sODmeDXs3sFkpMH7IYacv0n+BxwLoD8VFhmrG0SR3FwWI8EkBzV9Vv9Iwag==",
      "license": "Apache-2.0",
      "dependencies": {
        "@discordjs/builders": "^1.9.2",
        "@discordjs/collection": "^1.5.3",
        "@discordjs/formatters": "^2.0.4",
        "@discordjs/rest": "^2.3.2",
        "@discordjs/util": "^1.1.2",
        "@types/node": ">=16.17.0",
        "discord-api-types": "^0.37.61",
        "ws": "^8.14.2"
      },
      "engines": {
        "node": ">=16.9.0"
      }
    },
    "node_modules/mongoose": {
      "version": "8.6.1",
      "resolved": "https://registry.npmjs.org/mongoose/-/mongoose-8.6.1.tgz",
      "integrity": "sha512-3VGB7IN4KM6aKKJ9sNhHc1PBIhCC7jA/Rc4Mv+/5IadI0eJmvVOC6uM7bQ8niewv51lF2kF2r6snHio4u7Fdew==",
      "license": "MIT",
      "dependencies": {
        "mongodb": "6.8.0",
        "sift": "17.1.2"
      },
      "engines": {
        "node": ">= 16.0.0"
      }
    },
    "node_modules/nodemon": {
      "version": "3.1.4",
      "resolved": "https://registry.npmjs.org/nodemon/-/nodemon-3.1.4.tgz",
      "integrity": "sha512-ZwEY0PUY9jTOvL9C9Y8W9fOA+DU9zXzAugIvQ+mf+/PWiIZW7EbvUh4mK0BLbG8LaH4mktg5+IlnV82tJ9r9w==",
      "dev": true,
      "hasInstallScript": true,
      "license": "MIT",
      "dependencies": {
        "chokidar": "^3.5.3",
        "debug": "^4.3.5",
        "ignore-by-default": "^1.0.1",
        "minimatch": "^3.1.2",
        "pupa": "^3.1.0",
        "semver": "^7.5.3",
        "simple-update-notifier": "^2.0.0",
        "supports-color": "^5.5.0",
        "touch": "^3.1.0",
        "undefsafe": "^4.0.5"
      },
      "bin": {
        "nodemon": "bin/nodemon.js"
      },
      "engines": {
        "node": ">=10"
      },
      "funding": {
        "url": "https://github.com/sponsors/remy"
      }
    }
  },
  "dependencies": {
    "@discordjs/builders": "^1.9.2",
    "@discordjs/collection": "^1.5.3",
    "@discordjs/formatters": "^2.0.4",
    "@discordjs/rest": "^2.3.2",
    "@discordjs/util": "^1.1.2",
    "@types/node": ">=16.17.0",
    "discord-api-types": "^0.37.61",
    "mongodb": "6.8.0",
    "sift": "17.1.2",
    "ws": "^8.14.2"
  },
  "devDependencies": {
    "chokidar": "^3.5.3",
    "debug": "^4.3.5",
    "ignore-by-default": "^1.0.1",
    "minimatch": "^3.1.2",
    "nodemon": "^3.1.4",
    "pupa": "^3.1.0",
    "semver": "^7.5.3",
    "simple-update-notifier": "^2.0.0",
    "supports-color": "^5.5.0",
    "touch": "^3.1.0",
    "undefsafe": "^4.0.5"
  }
}
